
Microsoft Visual Studio Solution File, Format Version 12.00
# Visual Studio Version 16
VisualStudioVersion = 16.0.31205.134
MinimumVisualStudioVersion = 10.0.40219.1
Project("{FAE04EC0-301F-11D3-BF4B-00C04F79EFBC}") = "AnalisisQuimicos.Api", "AnalisisQuimicos.Api\AnalisisQuimicos.Api.csproj", "{EA8B4F1A-EFD3-4481-B579-0267C23E77CF}"
EndProject
Project("{FAE04EC0-301F-11D3-BF4B-00C04F79EFBC}") = "AnalisisQuimicos.Core", "AnalisisQuimicos.Core\AnalisisQuimicos.Core.csproj", "{CD8470E5-DD09-4EC0-876A-9CB905B10CC6}"
EndProject
Project("{FAE04EC0-301F-11D3-BF4B-00C04F79EFBC}") = "AnalisisQuimicos.Infrastructure", "AnalisisQuimicos.Infrastructure\AnalisisQuimicos.Infrastructure.csproj", "{4A82CF16-9413-4D28-B74C-DA676B5EE939}"
EndProject
Global
	GlobalSection(SolutionConfigurationPlatforms) = preSolution
		Debug|Any CPU = Debug|Any CPU
		Release|Any CPU = Release|Any CPU
	EndGlobalSection
	GlobalSection(ProjectConfigurationPlatforms) = postSolution
		{EA8B4F1A-EFD3-4481-B579-0267C23E77CF}.Debug|Any CPU.ActiveCfg = Debug|Any CPU
		{EA8B4F1A-EFD3-4481-B579-0267C23E77CF}.Debug|Any CPU.Build.0 = Debug|Any CPU
		{EA8B4F1A-EFD3-4481-B579-0267C23E77CF}.Release|Any CPU.ActiveCfg = Release|Any CPU
		{EA8B4F1A-EFD3-4481-B579-0267C23E77CF}.Release|Any CPU.Build.0 = Release|Any CPU
		{CD8470E5-DD09-4EC0-876A-9CB905B10CC6}.Debug|Any CPU.ActiveCfg = Debug|Any CPU
		{CD8470E5-DD09-4EC0-876A-9CB905B10CC6}.Debug|Any CPU.Build.0 = Debug|Any CPU
		{CD8470E5-DD09-4EC0-876A-9CB905B10CC6}.Release|Any CPU.ActiveCfg = Release|Any CPU
		{CD8470E5-DD09-4EC0-876A-9CB905B10CC6}.Release|Any CPU.Build.0 = Release|Any CPU
		{4A82CF16-9413-4D28-B74C-DA676B5EE939}.Debug|Any CPU.ActiveCfg = Debug|Any CPU
		{4A82CF16-9413-4D28-B74C-DA676B5EE939}.Debug|Any CPU.Build.0 = Debug|Any CPU
		{4A82CF16-9413-4D28-B74C-DA676B5EE939}.Release|Any CPU.ActiveCfg = Release|Any CPU
		{4A82CF16-9413-4D28-B74C-DA676B5EE939}.Release|Any CPU.Build.0 = Release|Any CPU
	EndGlobalSection
	GlobalSection(SolutionProperties) = preSolution
		HideSolutionNode = FALSE
	EndGlobalSection
	GlobalSection(ExtensibilityGlobals) = postSolution
		SolutionGuid = {96913812-0DA7-4193-A052-991CC01E6009}
	EndGlobalSection
EndGlobal
